// !$*UTF8*$!
{
	archiveVersion = 1;
	classes = {
	};
	objectVersion = 55;
	objects = {

/* Begin PBXBuildFile section */
		D35E2DB0280C7E1C00AAD0C8 /* NotesDetailsViewController.swift in Sources */ = {isa = PBXBuildFile; fileRef = D35E2DAF280C7E1C00AAD0C8 /* NotesDetailsViewController.swift */; };
		D3AFE2ED27F245B5000FF27D /* AppDelegate.swift in Sources */ = {isa = PBXBuildFile; fileRef = D3AFE2EC27F245B5000FF27D /* AppDelegate.swift */; };
		D3AFE2EF27F245B5000FF27D /* SceneDelegate.swift in Sources */ = {isa = PBXBuildFile; fileRef = D3AFE2EE27F245B5000FF27D /* SceneDelegate.swift */; };
		D3AFE2F427F245B5000FF27D /* Main.storyboard in Resources */ = {isa = PBXBuildFile; fileRef = D3AFE2F227F245B5000FF27D /* Main.storyboard */; };
		D3AFE2F627F245B6000FF27D /* Assets.xcassets in Resources */ = {isa = PBXBuildFile; fileRef = D3AFE2F527F245B6000FF27D /* Assets.xcassets */; };
		D3AFE2F927F245B6000FF27D /* LaunchScreen.storyboard in Resources */ = {isa = PBXBuildFile; fileRef = D3AFE2F727F245B6000FF27D /* LaunchScreen.storyboard */; };
		D3AFE30727F2473B000FF27D /* Note.swift in Sources */ = {isa = PBXBuildFile; fileRef = D3AFE30627F2473B000FF27D /* Note.swift */; };
		D3AFE30B27F24E6E000FF27D /* NotesListTableViewController.swift in Sources */ = {isa = PBXBuildFile; fileRef = D3AFE30A27F24E6E000FF27D /* NotesListTableViewController.swift */; };
/* End PBXBuildFile section */

/* Begin PBXFileReference section */
		D35E2DAF280C7E1C00AAD0C8 /* NotesDetailsViewController.swift */ = {isa = PBXFileReference; lastKnownFileType = sourcecode.swift; path = NotesDetailsViewController.swift; sourceTree = "<group>"; };
		D3AFE2E927F245B5000FF27D /* MyNotes.app */ = {isa = PBXFileReference; explicitFileType = wrapper.application; includeInIndex = 0; path = MyNotes.app; sourceTree = BUILT_PRODUCTS_DIR; };
		D3AFE2EC27F245B5000FF27D /* AppDelegate.swift */ = {isa = PBXFileReference; lastKnownFileType = sourcecode.swift; path = AppDelegate.swift; sourceTree = "<group>"; };
		D3AFE2EE27F245B5000FF27D /* SceneDelegate.swift */ = {isa = PBXFileReference; lastKnownFileType = sourcecode.swift; path = SceneDelegate.swift; sourceTree = "<group>"; };
		D3AFE2F327F245B5000FF27D /* Base */ = {isa = PBXFileReference; lastKnownFileType = file.storyboard; name = Base; path = Base.lproj/Main.storyboard; sourceTree = "<group>"; };
		D3AFE2F527F245B6000FF27D /* Assets.xcassets */ = {isa = PBXFileReference; lastKnownFileType = folder.assetcatalog; path = Assets.xcassets; sourceTree = "<group>"; };
		D3AFE2F827F245B6000FF27D /* Base */ = {isa = PBXFileReference; lastKnownFileType = file.storyboard; name = Base; path = Base.lproj/LaunchScreen.storyboard; sourceTree = "<group>"; };
		D3AFE2FA27F245B6000FF27D /* Info.plist */ = {isa = PBXFileReference; lastKnownFileType = text.plist.xml; path = Info.plist; sourceTree = "<group>"; };
		D3AFE30627F2473B000FF27D /* Note.swift */ = {isa = PBXFileReference; lastKnownFileType = sourcecode.swift; path = Note.swift; sourceTree = "<group>"; };
		D3AFE30A27F24E6E000FF27D /* NotesListTableViewController.swift */ = {isa = PBXFileReference; lastKnownFileType = sourcecode.swift; path = NotesListTableViewController.swift; sourceTree = "<group>"; };
/* End PBXFileReference section */

/* Begin PBXFrameworksBuildPhase section */
		D3AFE2E627F245B5000FF27D /* Frameworks */ = {
			isa = PBXFrameworksBuildPhase;
			buildActionMask = 2147483647;
			files = (
			);
			runOnlyForDeploymentPostprocessing = 0;
		};
/* End PBXFrameworksBuildPhase section */

/* Begin PBXGroup section */
		D3AFE2E027F245B5000FF27D = {
			isa = PBXGroup;
			children = (
				D3AFE2EB27F245B5000FF27D /* MyNotes */,
				D3AFE2EA27F245B5000FF27D /* Products */,
			);
			sourceTree = "<group>";
		};
		D3AFE2EA27F245B5000FF27D /* Products */ = {
			isa = PBXGroup;
			children = (
				D3AFE2E927F245B5000FF27D /* MyNotes.app */,
			);
			name = Products;
			sourceTree = "<group>";
		};
		D3AFE2EB27F245B5000FF27D /* MyNotes */ = {
			isa = PBXGroup;
			children = (
				D3AFE30427F245F4000FF27D /* Models */,
				D3AFE30027F245CF000FF27D /* App */,
				D3AFE30127F245D8000FF27D /* ViewControllers */,
				D3AFE30227F245E5000FF27D /* Storyboards */,
				D3AFE30327F245EE000FF27D /* Resources */,
			);
			path = MyNotes;
			sourceTree = "<group>";
		};
		D3AFE30027F245CF000FF27D /* App */ = {
			isa = PBXGroup;
			children = (
				D3AFE2EC27F245B5000FF27D /* AppDelegate.swift */,
				D3AFE2EE27F245B5000FF27D /* SceneDelegate.swift */,
				D3AFE2FA27F245B6000FF27D /* Info.plist */,
			);
			path = App;
			sourceTree = "<group>";
		};
		D3AFE30127F245D8000FF27D /* ViewControllers */ = {
			isa = PBXGroup;
			children = (
				D3AFE30A27F24E6E000FF27D /* NotesListTableViewController.swift */,
				D35E2DAF280C7E1C00AAD0C8 /* NotesDetailsViewController.swift */,
			);
			path = ViewControllers;
			sourceTree = "<group>";
		};
		D3AFE30227F245E5000FF27D /* Storyboards */ = {
			isa = PBXGroup;
			children = (
				D3AFE2F227F245B5000FF27D /* Main.storyboard */,
				D3AFE2F727F245B6000FF27D /* LaunchScreen.storyboard */,
			);
			path = Storyboards;
			sourceTree = "<group>";
		};
		D3AFE30327F245EE000FF27D /* Resources */ = {
			isa = PBXGroup;
			children = (
				D3AFE2F527F245B6000FF27D /* Assets.xcassets */,
			);
			path = Resources;
			sourceTree = "<group>";
		};
		D3AFE30427F245F4000FF27D /* Models */ = {
			isa = PBXGroup;
			children = (
				D3AFE30627F2473B000FF27D /* Note.swift */,
			);
			path = Models;
			sourceTree = "<group>";
		};
/* End PBXGroup section */

/* Begin PBXNativeTarget section */
		D3AFE2E827F245B5000FF27D /* MyNotes */ = {
			isa = PBXNativeTarget;
			buildConfigurationList = D3AFE2FD27F245B6000FF27D /* Build configuration list for PBXNativeTarget "MyNotes" */;
			buildPhases = (
				D3AFE2E527F245B5000FF27D /* Sources */,
				D3AFE2E627F245B5000FF27D /* Frameworks */,
				D3AFE2E727F245B5000FF27D /* Resources */,
			);
			buildRules = (
			);
			dependencies = (
			);
			name = MyNotes;
			productName = MyNotes;
			productReference = D3AFE2E927F245B5000FF27D /* MyNotes.app */;
			productType = "com.apple.product-type.application";
		};
/* End PBXNativeTarget section */

/* Begin PBXProject section */
		D3AFE2E127F245B5000FF27D /* Project object */ = {
			isa = PBXProject;
			attributes = {
				BuildIndependentTargetsInParallel = 1;
				LastSwiftUpdateCheck = 1320;
				LastUpgradeCheck = 1320;
				TargetAttributes = {
					D3AFE2E827F245B5000FF27D = {
						CreatedOnToolsVersion = 13.2.1;
					};
				};
			};
			buildConfigurationList = D3AFE2E427F245B5000FF27D /* Build configuration list for PBXProject "MyNotes" */;
			compatibilityVersion = "Xcode 13.0";
			developmentRegion = en;
			hasScannedForEncodings = 0;
			knownRegions = (
				en,
				Base,
			);
			mainGroup = D3AFE2E027F245B5000FF27D;
			productRefGroup = D3AFE2EA27F245B5000FF27D /* Products */;
			projectDirPath = "";
			projectRoot = "";
			targets = (
				D3AFE2E827F245B5000FF27D /* MyNotes */,
			);
		};
/* End PBXProject section */

/* Begin PBXResourcesBuildPhase section */
		D3AFE2E727F245B5000FF27D /* Resources */ = {
			isa = PBXResourcesBuildPhase;
			buildActionMask = 2147483647;
			files = (
				D3AFE2F927F245B6000FF27D /* LaunchScreen.storyboard in Resources */,
				D3AFE2F627F245B6000FF27D /* Assets.xcassets in Resources */,
				D3AFE2F427F245B5000FF27D /* Main.storyboard in Resources */,
			);
			runOnlyForDeploymentPostprocessing = 0;
		};
/* End PBXResourcesBuildPhase section */

/* Begin PBXSourcesBuildPhase section */
		D3AFE2E527F245B5000FF27D /* Sources */ = {
			isa = PBXSourcesBuildPhase;
			buildActionMask = 2147483647;
			files = (
				D3AFE2ED27F245B5000FF27D /* AppDelegate.swift in Sources */,
				D35E2DB0280C7E1C00AAD0C8 /* NotesDetailsViewController.swift in Sources */,
				D3AFE2EF27F245B5000FF27D /* SceneDelegate.swift in Sources */,
				D3AFE30727F2473B000FF27D /* Note.swift in Sources */,
				D3AFE30B27F24E6E000FF27D /* NotesListTableViewController.swift in Sources */,
			);
			runOnlyForDeploymentPostprocessing = 0;
		};
/* End PBXSourcesBuildPhase section */

/* Begin PBXVariantGroup section */
		D3AFE2F227F245B5000FF27D /* Main.storyboard */ = {
			isa = PBXVariantGroup;
			children = (
				D3AFE2F327F245B5000FF27D /* Base */,
			);
			name = Main.storyboard;
			sourceTree = "<group>";
		};
		D3AFE2F727F245B6000FF27D /* LaunchScreen.storyboard */ = {
			isa = PBXVariantGroup;
			children = (
				D3AFE2F827F245B6000FF27D /* Base */,
			);
			name = LaunchScreen.storyboard;
			sourceTree = "<group>";
		};
/* End PBXVariantGroup section */

/* Begin XCBuildConfiguration section */
		D3AFE2FB27F245B6000FF27D /* Debug */ = {
			isa = XCBuildConfiguration;
			buildSettings = {
				ALWAYS_SEARCH_USER_PATHS = NO;
				CLANG_ANALYZER_NONNULL = YES;
				CLANG_ANALYZER_NUMBER_OBJECT_CONVERSION = YES_AGGRESSIVE;
				CLANG_CXX_LANGUAGE_STANDARD = "gnu++17";
				CLANG_CXX_LIBRARY = "libc++";
				CLANG_ENABLE_MODULES = YES;
				CLANG_ENABLE_OBJC_ARC = YES;
				CLANG_ENABLE_OBJC_WEAK = YES;
				CLANG_WARN_BLOCK_CAPTURE_AUTORELEASING = YES;
				CLANG_WARN_BOOL_CONVERSION = YES;
				CLANG_WARN_COMMA = YES;
				CLANG_WARN_CONSTANT_CONVERSION = YES;
				CLANG_WARN_DEPRECATED_OBJC_IMPLEMENTATIONS = YES;
				CLANG_WARN_DIRECT_OBJC_ISA_USAGE = YES_ERROR;
				CLANG_WARN_DOCUMENTATION_COMMENTS = YES;
				CLANG_WARN_EMPTY_BODY = YES;
				CLANG_WARN_ENUM_CONVERSION = YES;
				CLANG_WARN_INFINITE_RECURSION = YES;
				CLANG_WARN_INT_CONVERSION = YES;
				CLANG_WARN_NON_LITERAL_NULL_CONVERSION = YES;
				CLANG_WARN_OBJC_IMPLICIT_RETAIN_SELF = YES;
				CLANG_WARN_OBJC_LITERAL_CONVERSION = YES;
				CLANG_WARN_OBJC_ROOT_CLASS = YES_ERROR;
				CLANG_WARN_QUOTED_INCLUDE_IN_FRAMEWORK_HEADER = YES;
				CLANG_WARN_RANGE_LOOP_ANALYSIS = YES;
				CLANG_WARN_STRICT_PROTOTYPES = YES;
				CLANG_WARN_SUSPICIOUS_MOVE = YES;
				CLANG_WARN_UNGUARDED_AVAILABILITY = YES_AGGRESSIVE;
				CLANG_WARN_UNREACHABLE_CODE = YES;
				CLANG_WARN__DUPLICATE_METHOD_MATCH = YES;
				COPY_PHASE_STRIP = NO;
				DEBUG_INFORMATION_FORMAT = dwarf;
				ENABLE_STRICT_OBJC_MSGSEND = YES;
				ENABLE_TESTABILITY = YES;
				GCC_C_LANGUAGE_STANDARD = gnu11;
				GCC_DYNAMIC_NO_PIC = NO;
				GCC_NO_COMMON_BLOCKS = YES;
				GCC_OPTIMIZATION_LEVEL = 0;
				GCC_PREPROCESSOR_DEFINITIONS = (
					"DEBUG=1",
					"$(inherited)",
				);
				GCC_WARN_64_TO_32_BIT_CONVERSION = YES;
				GCC_WARN_ABOUT_RETURN_TYPE = YES_ERROR;
				GCC_WARN_UNDECLARED_SELECTOR = YES;
				GCC_WARN_UNINITIALIZED_AUTOS = YES_AGGRESSIVE;
				GCC_WARN_UNUSED_FUNCTION = YES;
				GCC_WARN_UNUSED_VARIABLE = YES;
				IPHONEOS_DEPLOYMENT_TARGET = 15.2;
				MTL_ENABLE_DEBUG_INFO = INCLUDE_SOURCE;
				MTL_FAST_MATH = YES;
				ONLY_ACTIVE_ARCH = YES;
				SDKROOT = iphoneos;
				SWIFT_ACTIVE_COMPILATION_CONDITIONS = DEBUG;
				SWIFT_OPTIMIZATION_LEVEL = "-Onone";
			};
			name = Debug;
		};
		D3AFE2FC27F245B6000FF27D /* Release */ = {
			isa = XCBuildConfiguration;
			buildSettings = {
				ALWAYS_SEARCH_USER_PATHS = NO;
				CLANG_ANALYZER_NONNULL = YES;
				CLANG_ANALYZER_NUMBER_OBJECT_CONVERSION = YES_AGGRESSIVE;
				CLANG_CXX_LANGUAGE_STANDARD = "gnu++17";
				CLANG_CXX_LIBRARY = "libc++";
				CLANG_ENABLE_MODULES = YES;
				CLANG_ENABLE_OBJC_ARC = YES;
				CLANG_ENABLE_OBJC_WEAK = YES;
				CLANG_WARN_BLOCK_CAPTURE_AUTORELEASING = YES;
				CLANG_WARN_BOOL_CONVERSION = YES;
				CLANG_WARN_COMMA = YES;
				CLANG_WARN_CONSTANT_CONVERSION = YES;
				CLANG_WARN_DEPRECATED_OBJC_IMPLEMENTATIONS = YES;
				CLANG_WARN_DIRECT_OBJC_ISA_USAGE = YES_ERROR;
				CLANG_WARN_DOCUMENTATION_COMMENTS = YES;
				CLANG_WARN_EMPTY_BODY = YES;
				CLANG_WARN_ENUM_CONVERSION = YES;
				CLANG_WARN_INFINITE_RECURSION = YES;
				CLANG_WARN_INT_CONVERSION = YES;
				CLANG_WARN_NON_LITERAL_NULL_CONVERSION = YES;
				CLANG_WARN_OBJC_IMPLICIT_RETAIN_SELF = YES;
				CLANG_WARN_OBJC_LITERAL_CONVERSION = YES;
				CLANG_WARN_OBJC_ROOT_CLASS = YES_ERROR;
				CLANG_WARN_QUOTED_INCLUDE_IN_FRAMEWORK_HEADER = YES;
				CLANG_WARN_RANGE_LOOP_ANALYSIS = YES;
				CLANG_WARN_STRICT_PROTOTYPES = YES;
				CLANG_WARN_SUSPICIOUS_MOVE = YES;
				CLANG_WARN_UNGUARDED_AVAILABILITY = YES_AGGRESSIVE;
				CLANG_WARN_UNREACHABLE_CODE = YES;
				CLANG_WARN__DUPLICATE_METHOD_MATCH = YES;
				COPY_PHASE_STRIP = NO;
				DEBUG_INFORMATION_FORMAT = "dwarf-with-dsym";
				ENABLE_NS_ASSERTIONS = NO;
				ENABLE_STRICT_OBJC_MSGSEND = YES;
				GCC_C_LANGUAGE_STANDARD = gnu11;
				GCC_NO_COMMON_BLOCKS = YES;
				GCC_WARN_64_TO_32_BIT_CONVERSION = YES;
				GCC_WARN_ABOUT_RETURN_TYPE = YES_ERROR;
				GCC_WARN_UNDECLARED_SELECTOR = YES;
				GCC_WARN_UNINITIALIZED_AUTOS = YES_AGGRESSIVE;
				GCC_WARN_UNUSED_FUNCTION = YES;
				GCC_WARN_UNUSED_VARIABLE = YES;
				IPHONEOS_DEPLOYMENT_TARGET = 15.2;
				MTL_ENABLE_DEBUG_INFO = NO;
				MTL_FAST_MATH = YES;
				SDKROOT = iphoneos;
				SWIFT_COMPILATION_MODE = wholemodule;
				SWIFT_OPTIMIZATION_LEVEL = "-O";
				VALIDATE_PRODUCT = YES;
			};
			name = Release;
		};
		D3AFE2FE27F245B6000FF27D /* Debug */ = {
			isa = XCBuildConfiguration;
			buildSettings = {
				ASSETCATALOG_COMPILER_APPICON_NAME = AppIcon;
				ASSETCATALOG_COMPILER_GLOBAL_ACCENT_COLOR_NAME = AccentColor;
				CODE_SIGN_STYLE = Automatic;
				CURRENT_PROJECT_VERSION = 1;
				DEVELOPMENT_TEAM = S975MC8VZ3;
				GENERATE_INFOPLIST_FILE = YES;
				INFOPLIST_FILE = MyNotes/App/Info.plist;
				INFOPLIST_KEY_UIApplicationSupportsIndirectInputEvents = YES;
				INFOPLIST_KEY_UILaunchStoryboardName = LaunchScreen;
				INFOPLIST_KEY_UIMainStoryboardFile = Main;
				INFOPLIST_KEY_UISupportedInterfaceOrientations = UIInterfaceOrientationPortrait;
				INFOPLIST_KEY_UISupportedInterfaceOrientations_iPad = "UIInterfaceOrientationPortrait UIInterfaceOrientationPortraitUpsideDown UIInterfaceOrientationLandscapeLeft UIInterfaceOrientationLandscapeRight";
				INFOPLIST_KEY_UISupportedInterfaceOrientations_iPhone = "UIInterfaceOrientationPortrait UIInterfaceOrientationLandscapeLeft UIInterfaceOrientationLandscapeRight";
				IPHONEOS_DEPLOYMENT_TARGET = 15.0;
				LD_RUNPATH_SEARCH_PATHS = (
					"$(inherited)",
					"@executable_path/Frameworks",
				);
				MARKETING_VERSION = 1.0;
				PRODUCT_BUNDLE_IDENTIFIER = "ru.Aleksandra-Moiseenko.MyNotes";
				PRODUCT_NAME = "$(TARGET_NAME)";
				SWIFT_EMIT_LOC_STRINGS = YES;
				SWIFT_VERSION = 5.0;
				TARGETED_DEVICE_FAMILY = 1;
			};
			name = Debug;
		};
		D3AFE2FF27F245B6000FF27D /* Release */ = {
			isa = XCBuildConfiguration;
			buildSettings = {
				ASSETCATALOG_COMPILER_APPICON_NAME = AppIcon;
				ASSETCATALOG_COMPILER_GLOBAL_ACCENT_COLOR_NAME = AccentColor;
				CODE_SIGN_STYLE = Automatic;
				CURRENT_PROJECT_VERSION = 1;
				DEVELOPMENT_TEAM = S975MC8VZ3;
				GENERATE_INFOPLIST_FILE = YES;
				INFOPLIST_FILE = MyNotes/App/Info.plist;
				INFOPLIST_KEY_UIApplicationSupportsIndirectInputEvents = YES;
				INFOPLIST_KEY_UILaunchStoryboardName = LaunchScreen;
				INFOPLIST_KEY_UIMainStoryboardFile = Main;
				INFOPLIST_KEY_UISupportedInterfaceOrientations = UIInterfaceOrientationPortrait;
				INFOPLIST_KEY_UISupportedInterfaceOrientations_iPad = "UIInterfaceOrientationPortrait UIInterfaceOrientationPortraitUpsideDown UIInterfaceOrientationLandscapeLeft UIInterfaceOrientationLandscapeRight";
				INFOPLIST_KEY_UISupportedInterfaceOrientations_iPhone = "UIInterfaceOrientationPortrait UIInterfaceOrientationLandscapeLeft UIInterfaceOrientationLandscapeRight";
				IPHONEOS_DEPLOYMENT_TARGET = 15.0;
				LD_RUNPATH_SEARCH_PATHS = (
					"$(inherited)",
					"@executable_path/Frameworks",
				);
				MARKETING_VERSION = 1.0;
				PRODUCT_BUNDLE_IDENTIFIER = "ru.Aleksandra-Moiseenko.MyNotes";
				PRODUCT_NAME = "$(TARGET_NAME)";
				SWIFT_EMIT_LOC_STRINGS = YES;
				SWIFT_VERSION = 5.0;
				TARGETED_DEVICE_FAMILY = 1;
			};
			name = Release;
		};
/* End XCBuildConfiguration section */

/* Begin XCConfigurationList section */
		D3AFE2E427F245B5000FF27D /* Build configuration list for PBXProject "MyNotes" */ = {
			isa = XCConfigurationList;
			buildConfigurations = (
				D3AFE2FB27F245B6000FF27D /* Debug */,
				D3AFE2FC27F245B6000FF27D /* Release */,
			);
			defaultConfigurationIsVisible = 0;
			defaultConfigurationName = Release;
		};
		D3AFE2FD27F245B6000FF27D /* Build configuration list for PBXNativeTarget "MyNotes" */ = {
			isa = XCConfigurationList;
			buildConfigurations = (
				D3AFE2FE27F245B6000FF27D /* Debug */,
				D3AFE2FF27F245B6000FF27D /* Release */,
			);
			defaultConfigurationIsVisible = 0;
			defaultConfigurationName = Release;
		};
/* End XCConfigurationList section */
	};
	rootObject = D3AFE2E127F245B5000FF27D /* Project object */;
}
